
Microsoft Visual Studio Solution File, Format Version 12.00
# Visual Studio Version 17
VisualStudioVersion = 17.0.31903.59
MinimumVisualStudioVersion = 10.0.40219.1
Project("{FAE04EC0-301F-11D3-BF4B-00C04F79EFBC}") = "Lab08", "Lab08\Lab08.csproj", "{E9555A52-B82C-4A00-B642-F64E05A37629}"
EndProject
Project("{FAE04EC0-301F-11D3-BF4B-00C04F79EFBC}") = "Lab08.Tests", "Lab08.Tests\Lab08.Tests.csproj", "{20090B23-A28E-4ED1-8109-F8D0E582B6A3}"
EndProject
Project("{FAE04EC0-301F-11D3-BF4B-00C04F79EFBC}") = "Lab08.Main", "Lab08.Main\Lab08.Main.csproj", "{A964934C-BBC3-46CA-8DB4-BD2FF1FAFAC8}"
EndProject
Global
	GlobalSection(SolutionConfigurationPlatforms) = preSolution
		Debug|Any CPU = Debug|Any CPU
		Release|Any CPU = Release|Any CPU
	EndGlobalSection
	GlobalSection(SolutionProperties) = preSolution
		HideSolutionNode = FALSE
	EndGlobalSection
	GlobalSection(ProjectConfigurationPlatforms) = postSolution
		{E9555A52-B82C-4A00-B642-F64E05A37629}.Debug|Any CPU.ActiveCfg = Debug|Any CPU
		{E9555A52-B82C-4A00-B642-F64E05A37629}.Debug|Any CPU.Build.0 = Debug|Any CPU
		{E9555A52-B82C-4A00-B642-F64E05A37629}.Release|Any CPU.ActiveCfg = Release|Any CPU
		{E9555A52-B82C-4A00-B642-F64E05A37629}.Release|Any CPU.Build.0 = Release|Any CPU
		{20090B23-A28E-4ED1-8109-F8D0E582B6A3}.Debug|Any CPU.ActiveCfg = Debug|Any CPU
		{20090B23-A28E-4ED1-8109-F8D0E582B6A3}.Debug|Any CPU.Build.0 = Debug|Any CPU
		{20090B23-A28E-4ED1-8109-F8D0E582B6A3}.Release|Any CPU.ActiveCfg = Release|Any CPU
		{20090B23-A28E-4ED1-8109-F8D0E582B6A3}.Release|Any CPU.Build.0 = Release|Any CPU
		{A964934C-BBC3-46CA-8DB4-BD2FF1FAFAC8}.Debug|Any CPU.ActiveCfg = Debug|Any CPU
		{A964934C-BBC3-46CA-8DB4-BD2FF1FAFAC8}.Debug|Any CPU.Build.0 = Debug|Any CPU
		{A964934C-BBC3-46CA-8DB4-BD2FF1FAFAC8}.Release|Any CPU.ActiveCfg = Release|Any CPU
		{A964934C-BBC3-46CA-8DB4-BD2FF1FAFAC8}.Release|Any CPU.Build.0 = Release|Any CPU
	EndGlobalSection
EndGlobal
